
Microsoft Visual Studio Solution File, Format Version 12.00
# Visual Studio Version 17
VisualStudioVersion = 17.5.33424.131
MinimumVisualStudioVersion = 10.0.40219.1
Project("{FAE04EC0-301F-11D3-BF4B-00C04F79EFBC}") = "MvcCoreApiCrudDoctores", "MvcCoreApiCrudDoctores\MvcCoreApiCrudDoctores.csproj", "{F5789DD0-3653-4A8C-9FC4-46C81063740E}"
EndProject
Global
	GlobalSection(SolutionConfigurationPlatforms) = preSolution
		Debug|Any CPU = Debug|Any CPU
		Release|Any CPU = Release|Any CPU
	EndGlobalSection
	GlobalSection(ProjectConfigurationPlatforms) = postSolution
		{F5789DD0-3653-4A8C-9FC4-46C81063740E}.Debug|Any CPU.ActiveCfg = Debug|Any CPU
		{F5789DD0-3653-4A8C-9FC4-46C81063740E}.Debug|Any CPU.Build.0 = Debug|Any CPU
		{F5789DD0-3653-4A8C-9FC4-46C81063740E}.Release|Any CPU.ActiveCfg = Release|Any CPU
		{F5789DD0-3653-4A8C-9FC4-46C81063740E}.Release|Any CPU.Build.0 = Release|Any CPU
	EndGlobalSection
	GlobalSection(SolutionProperties) = preSolution
		HideSolutionNode = FALSE
	EndGlobalSection
	GlobalSection(ExtensibilityGlobals) = postSolution
		SolutionGuid = {FB915221-A948-4B6E-9010-59D3FDC9A0B5}
	EndGlobalSection
EndGlobal
