
Microsoft Visual Studio Solution File, Format Version 12.00
# Visual Studio Version 17
VisualStudioVersion = 17.5.33424.131
MinimumVisualStudioVersion = 10.0.40219.1
Project("{FAE04EC0-301F-11D3-BF4B-00C04F79EFBC}") = "LogicaPrimerServicioWCF", "LogicaPrimerServicioWCF\LogicaPrimerServicioWCF.csproj", "{E196597E-7731-4A62-A466-C2597E1EAF00}"
EndProject
Project("{FAE04EC0-301F-11D3-BF4B-00C04F79EFBC}") = "HostPrimerServicioWCF", "HostPrimerServicioWCF\HostPrimerServicioWCF.csproj", "{CBF79A2F-E91C-47D2-8043-9ADA592A998C}"
EndProject
Global
	GlobalSection(SolutionConfigurationPlatforms) = preSolution
		Debug|Any CPU = Debug|Any CPU
		Release|Any CPU = Release|Any CPU
	EndGlobalSection
	GlobalSection(ProjectConfigurationPlatforms) = postSolution
		{E196597E-7731-4A62-A466-C2597E1EAF00}.Debug|Any CPU.ActiveCfg = Debug|Any CPU
		{E196597E-7731-4A62-A466-C2597E1EAF00}.Debug|Any CPU.Build.0 = Debug|Any CPU
		{E196597E-7731-4A62-A466-C2597E1EAF00}.Release|Any CPU.ActiveCfg = Release|Any CPU
		{E196597E-7731-4A62-A466-C2597E1EAF00}.Release|Any CPU.Build.0 = Release|Any CPU
		{CBF79A2F-E91C-47D2-8043-9ADA592A998C}.Debug|Any CPU.ActiveCfg = Debug|Any CPU
		{CBF79A2F-E91C-47D2-8043-9ADA592A998C}.Debug|Any CPU.Build.0 = Debug|Any CPU
		{CBF79A2F-E91C-47D2-8043-9ADA592A998C}.Release|Any CPU.ActiveCfg = Release|Any CPU
		{CBF79A2F-E91C-47D2-8043-9ADA592A998C}.Release|Any CPU.Build.0 = Release|Any CPU
	EndGlobalSection
	GlobalSection(SolutionProperties) = preSolution
		HideSolutionNode = FALSE
	EndGlobalSection
	GlobalSection(ExtensibilityGlobals) = postSolution
		SolutionGuid = {EB12E8F6-8C52-468C-978C-680D8B7B6FCB}
	EndGlobalSection
EndGlobal
